dario.cat/mergo v1.0.2 h1:85+piFYR1tMbRrLcDwR18y4UKJ3aH1Tbzi24VRW1TK8=
dario.cat/mergo v1.0.2/go.mod h1:E/hbnu0NxMFBjpMIE34DRGLWqDy0g5FuKDhCb31ngxA=
github.com/Azure/go-ansiterm v0.0.0-20250102033503-faa5f7b0171c h1:udKWzYgxTojEKWjV8V+WSxDXJ4NFATAsZjh8iIbsQIg=
github.com/Azure/go-ansiterm v0.0.0-20250102033503-faa5f7b0171c/go.mod h1:xomTg63KZ2rFqZQzSB4Vz2SUXa1BpHTVz9L5PTmPC4E=
github.com/Microsoft/go-winio v0.6.2 h1:F2VQgta7ecxGYO8k3ZZz3RS8fVIXVxONVUPlNERoyfY=
github.com/Microsoft/go-winio v0.6.2/go.mod h1:yd8OoFMLzJbo9gZq8j5qaps8bJ9aShtEA8Ipt1oGCvU=
github.com/beorn7/perks v1.0.1 h1:VlbKKnNfV8bJzeqoa4cOKqO6bYr3WgKZxO8Z16+hsOM=
github.com/beorn7/perks v1.0.1/go.mod h1:G2ZrVWU2WbWT9wwq4/hrbKbnv/1ERSJQ0ibhJ6rlkpw=
github.com/cenkalti/backoff/v4 v4.3.0 h1:MyRJ/UdXutAwSAT+s3wNd7MfTIcy71VQueUuFK343L8=
github.com/cenkalti/backoff/v4 v4.3.0/go.mod h1:Y3VNntkOUPxTVeUxJ/G5vcM//AlwfmyYozVcomhLiZE=
github.com/cenkalti/backoff/v5 v5.0.3 h1:ZN+IMa753KfX5hd8vVaMixjnqRZ3y8CuJKRKj1xcsSM=
github.com/cenkalti/backoff/v5 v5.0.3/go.mod h1:rkhZdG3JZukswDf7f0cwqPNk4K0sa+F97BxZthm/crw=
github.com/cespare/xxhash/v2 v2.3.0 h1:UL815xU9SqsFlibzuggzjXhog7bL6oX9BbNZnL2UFvs=
github.com/cespare/xxhash/v2 v2.3.0/go.mod h1:VGX0DQ3Q6kWi7AoAeZDth3/j3BFtOZR5XLFGgcrjCOs=
github.com/containerd/errdefs v1.0.0 h1:tg5yIfIlQIrxYtu9ajqY42W3lpS19XqdxRQeEwYG8PI=
github.com/containerd/errdefs v1.0.0/go.mod h1:+YBYIdtsnF4Iw6nWZhJcqGSg/dwvV7tyJ/kCkyJ2k+M=
github.com/containerd/errdefs/pkg v0.3.0 h1:9IKJ06FvyNlexW690DXuQNx2KA2cUJXx151Xdx3ZPPE=
github.com/containerd/errdefs/pkg v0.3.0/go.mod h1:NJw6s9HwNuRhnjJhM7pylWwMyAkmCQvQ4GpJHEqRLVk=
github.com/containerd/log v0.1.0 h1:TCJt7ioM2cr/tfR8GPbGf9/VRAX8D2B4PjzCpfX540I=
github.com/containerd/log v0.1.0/go.mod h1:VRRf09a7mHDIRezVKTRCrOq78v577GXq3bSa3EhrzVo=
github.com/containerd/platforms v0.2.1 h1:zvwtM3rz2YHPQsF2CHYM8+KtB5dvhISiXh5ZpSBQv6A=
github.com/containerd/platforms v0.2.1/go.mod h1:XHCb+2/hzowdiut9rkudds9bE5yJ7npe7dG/wG+uFPw=
github.com/cpuguy83/dockercfg v0.3.2 h1:DlJTyZGBDlXqUZ2Dk2Q3xHs/FtnooJJVaad2S9GKorA=
github.com/cpuguy83/dockercfg v0.3.2/go.mod h1:sugsbF4//dDlL/i+S+rtpIWp+5h0BHJHfjj5/jFyUJc=
github.com/cpuguy83/go-md2man/v2 v2.0.6/go.mod h1:oOW0eioCTA6cOiMLiUPZOpcVxMig6NIQQ7OS05n1F4g=
github.com/davecgh/go-spew v1.1.0/go.mod h1:J7Y8YcW2NihsgmVo/mv3lAwl/skON4iLHjSsI+c5H38=
github.com/davecgh/go-spew v1.1.1/go.mod h1:J7Y8YcW2NihsgmVo/mv3lAwl/skON4iLHjSsI+c5H38=
github.com/davecgh/go-spew v1.1.2-0.20180830191138-d8f796af33cc h1:U9qPSI2PIWSS1VwoXQT9A3Wy9MM3WgvqSxFWenqJduM=
github.com/davecgh/go-spew v1.1.2-0.20180830191138-d8f796af33cc/go.mod h1:J7Y8YcW2NihsgmVo/mv3lAwl/skON4iLHjSsI+c5H38=
github.com/distribution/reference v0.6.0 h1:0IXCQ5g4/QMHHkarYzh5l+u8T3t73zM5QvfrDyIgxBk=
github.com/distribution/reference v0.6.0/go.mod h1:BbU0aIcezP1/5jX/8MP0YiH4SdvB5Y4f/wlDRiLyi3E=
github.com/docker/go-connections v0.6.0 h1:LlMG9azAe1TqfR7sO+NJttz1gy6KO7VJBh+pMmjSD94=
github.com/docker/go-connections v0.6.0/go.mod h1:AahvXYshr6JgfUJGdDCs2b5EZG/vmaMAntpSFH5BFKE=
github.com/docker/go-units v0.5.0 h1:69rxXcBk27SvSaaxTtLh/8llcHD8vYHT7WSdRZ/jvr4=
github.com/docker/go-units v0.5.0/go.mod h1:fgPhTUdO+D/Jk86RDLlptpiXQzgHJF7gydDDbaIK4Dk=
github.com/ebitengine/purego v0.10.0 h1:QIw4xfpWT6GWTzaW5XEKy3HXoqrJGx1ijYHzTF0/ISU=
github.com/ebitengine/purego v0.10.0/go.mod h1:iIjxzd6CiRiOG0UyXP+V1+jWqUXVjPKLAI0mRfJZTmQ=
github.com/felixge/httpsnoop v1.0.4 h1:NFTV2Zj1bL4mc9sqWACXbQFVBBg2W3GPvqp8/ESS2Wg=
github.com/felixge/httpsnoop v1.0.4/go.mod h1:m8KPJKqk1gH5J9DgRY2ASl2lWCfGKXixSwevea8zH2U=
github.com/foxboron/go-tpm-keyfiles v0.0.0-20251226215517-609e4778396f h1:RJ+BDPLSHQO7cSjKBqjPJSbi1qfk9WcsjQDtZiw3dZw=
github.com/foxboron/go-tpm-keyfiles v0.0.0-20251226215517-609e4778396f/go.mod h1:VHbbch/X4roIY22jL1s3qRbZhCiRIgUAF/PdSUcx2io=
github.com/fsnotify/fsnotify v1.10.1 h1:b0/UzAf9yR5rhf3RPm9gf3ehBPpf0oZKIjtpKrx59Ho=
github.com/fsnotify/fsnotify v1.10.1/go.mod h1:TLheqan6HD6GBK6PrDWyDPBaEV8LspOxvPSjC+bVfgo=
github.com/go-logr/logr v1.2.2/go.mod h1:jdQByPbusPIv2/zmleS9BjJVeZ6kBagPoEUsqbVz/1A=
github.com/go-logr/logr v1.4.3 h1:CjnDlHq8ikf6E492q6eKboGOC0T8CDaOvkHCIg8idEI=
github.com/go-logr/logr v1.4.3/go.mod h1:9T104GzyrTigFIr8wt5mBrctHMim0Nb2HLGrmQ40KvY=
github.com/go-logr/stdr v1.2.2 h1:hSWxHoqTgW2S2qGc0LTAI563KZ5YKYRhT3MFKZMbjag=
github.com/go-logr/stdr v1.2.2/go.mod h1:mMo/vtBO5dYbehREoey6XUKy/eSumjCCveDpRre4VKE=
github.com/go-ole/go-ole v1.2.6 h1:/Fpf6oFPoeFik9ty7siob0G6Ke8QvQEuVcuChpwXzpY=
github.com/go-ole/go-ole v1.2.6/go.mod h1:pprOEPIfldk/42T2oK7lQ4v4JSDwmV0As9GaiUsvbm0=
github.com/go-viper/mapstructure/v2 v2.5.0 h1:vM5IJoUAy3d7zRSVtIwQgBj7BiWtMPfmPEgAXnvj1Ro=
github.com/go-viper/mapstructure/v2 v2.5.0/go.mod h1:oJDH3BJKyqBA2TXFhDsKDGDTlndYOZ6rGS0BRZIxGhM=
github.com/gobwas/glob v0.2.3 h1:A4xDbljILXROh+kObIiy5kIaPYD8e96x1tgBhUI5J+Y=
github.com/gobwas/glob v0.2.3/go.mod h1:d3Ez4x06l9bZtSvzIay5+Yzi0fmZzPgnTbPcKjJAkT8=
github.com/golang/protobuf v1.5.4 h1:i7eJL8qZTpSEXOPTxNKhASYpMn+8e5Q6AdndVa1dWek=
github.com/golang/protobuf v1.5.4/go.mod h1:lnTiLA8Wa4RWRcIUkrtSVa5nRhsEGBg48fD6rSs7xps=
github.com/golang/snappy v1.0.0 h1:Oy607GVXHs7RtbggtPBnr2RmDArIsAefDwvrdWvRhGs=
github.com/golang/snappy v1.0.0/go.mod h1:/XxbfmMg8lxefKM7IXC3fBNl/7bRcc72aCRzEWrmP2Q=
github.com/google/go-cmp v0.7.0 h1:wk8382ETsv4JYUZwIsn6YpYiWiBsYLSJiTsyBybVuN8=
github.com/google/go-cmp v0.7.0/go.mod h1:pXiqmnSA92OHEEa9HXL2W4E7lf9JzCmGVUdgjX3N/iU=
github.com/google/go-tpm v0.9.8 h1:slArAR9Ft+1ybZu0lBwpSmpwhRXaa85hWtMinMyRAWo=
github.com/google/go-tpm v0.9.8/go.mod h1:h9jEsEECg7gtLis0upRBQU+GhYVH6jMjrFxI8u6bVUY=
github.com/google/go-tpm-tools v0.4.7 h1:J3ycC8umYxM9A4eF73EofRZu4BxY0jjQnUnkhIBbvws=
github.com/google/go-tpm-tools v0.4.7/go.mod h1:gSyXTZHe3fgbzb6WEGd90QucmsnT1SRdlye82gH8QjQ=
github.com/google/gofuzz v1.0.0/go.mod h1:dBl0BpW6vV/+mYPU4Po3pmUjxk6FQPldtuIdl/M65Eg=
github.com/google/uuid v1.6.0 h1:NIvaJDMOsjHA8n1jAhLSgzrAzy1Hgr+hNrb57e+94F0=
github.com/google/uuid v1.6.0/go.mod h1:TIyPZe4MgqvfeYDBFedMoGGpEw/LqOeaOT+nhxU+yHo=
github.com/grpc-ecosystem/grpc-gateway/v2 v2.28.0 h1:HWRh5R2+9EifMyIHV7ZV+MIZqgz+PMpZ14Jynv3O2Zs=
github.com/grpc-ecosystem/grpc-gateway/v2 v2.28.0/go.mod h1:JfhWUomR1baixubs02l85lZYYOm7LV6om4ceouMv45c=
github.com/hashicorp/go-version v1.9.0 h1:CeOIz6k+LoN3qX9Z0tyQrPtiB1DFYRPfCIBtaXPSCnA=
github.com/hashicorp/go-version v1.9.0/go.mod h1:fltr4n8CU8Ke44wwGCBoEymUuxUHl09ZGVZPK5anwXA=
github.com/hashicorp/golang-lru/v2 v2.0.7 h1:a+bsQ5rvGLjzHuww6tVxozPZFVghXaHOwFs4luLUK2k=
github.com/hashicorp/golang-lru/v2 v2.0.7/go.mod h1:QeFd9opnmA6QUJc5vARoKUSoFhyfM2/ZepoAG6RGpeM=
github.com/inconshreveable/mousetrap v1.1.0 h1:wN+x4NVGpMsO7ErUn/mUI3vEoE6Jt13X2s0bqwp9tc8=
github.com/inconshreveable/mousetrap v1.1.0/go.mod h1:vpF70FUmC8bwa3OWnCshd2FqLfsEA9PFc4w1p2J65bw=
github.com/json-iterator/go v1.1.12 h1:PV8peI4a0ysnczrg+LtxykD8LfKY9ML6u2jnxaEnrnM=
github.com/json-iterator/go v1.1.12/go.mod h1:e30LSqwooZae/UwlEbR2852Gd8hjQvJoHmT4TnhNGBo=
github.com/klauspost/compress v1.18.6 h1:2jupLlAwFm95+YDR+NwD2MEfFO9d4z4Prjl1XXDjuao=
github.com/klauspost/compress v1.18.6/go.mod h1:cwPg85FWrGar70rWktvGQj8/hthj3wpl0PGDogxkrSQ=
github.com/knadh/koanf/maps v0.1.2 h1:RBfmAW5CnZT+PJ1CVc1QSJKf4Xu9kxfQgYVQSu8hpbo=
github.com/knadh/koanf/maps v0.1.2/go.mod h1:npD/QZY3V6ghQDdcQzl1W4ICNVTkohC8E73eI2xW4yI=
github.com/knadh/koanf/providers/confmap v1.0.0 h1:mHKLJTE7iXEys6deO5p6olAiZdG5zwp8Aebir+/EaRE=
github.com/knadh/koanf/providers/confmap v1.0.0/go.mod h1:txHYHiI2hAtF0/0sCmcuol4IDcuQbKTybiB1nOcUo1A=
github.com/knadh/koanf/v2 v2.3.4 h1:fnynNSDlujWE+v83hAp8wKr/cdoxHLO0629SN+U8Urc=
github.com/knadh/koanf/v2 v2.3.4/go.mod h1:gRb40VRAbd4iJMYYD5IxZ6hfuopFcXBpc9bbQpZwo28=
github.com/kr/pretty v0.3.1 h1:flRD4NNwYAUpkphVc1HcthR4KEIFJ65n8Mw5qdRn3LE=
github.com/kr/pretty v0.3.1/go.mod h1:hoEshYVHaxMs3cyo3Yncou5ZscifuDolrwPKZanG3xk=
github.com/kr/text v0.2.0 h1:5Nx0Ya0ZqY2ygV366QzturHI13Jq95ApcVaJBhpS+AY=
github.com/kr/text v0.2.0/go.mod h1:eLer722TekiGuMkidMxC/pM04lWEeraHUUmBw8l2grE=
github.com/kylelemons/godebug v1.1.0 h1:RPNrshWIDI6G2gRW9EHilWtl7Z6Sb1BR0xunSBf0SNc=
github.com/kylelemons/godebug v1.1.0/go.mod h1:9/0rRGxNHcop5bhtWyNeEfOS8JIWk580+fNqagV/RAw=
github.com/lufia/plan9stats v0.0.0-20251013123823-9fd1530e3ec3 h1:PwQumkgq4/acIiZhtifTV5OUqqiP82UAl0h87xj/l9k=
github.com/lufia/plan9stats v0.0.0-20251013123823-9fd1530e3ec3/go.mod h1:autxFIvghDt3jPTLoqZ9OZ7s9qTGNAWmYCjVFWPX/zg=
github.com/magiconair/properties v1.8.10 h1:s31yESBquKXCV9a/ScB3ESkOjUYYv+X0rg8SYxI99mE=
github.com/magiconair/properties v1.8.10/go.mod h1:Dhd985XPs7jluiymwWYZ0G4Z61jb3vdS329zhj2hYo0=
github.com/mitchellh/copystructure v1.2.0 h1:vpKXTN4ewci03Vljg/q9QvCGUDttBOGBIa15WveJJGw=
github.com/mitchellh/copystructure v1.2.0/go.mod h1:qLl+cE2AmVv+CoeAwDPye/v+N2HKCj9FbZEVFJRxO9s=
github.com/mitchellh/reflectwalk v1.0.2 h1:G2LzWKi524PWgd3mLHV8Y5k7s6XUvT0Gef6zxSIeXaQ=
github.com/mitchellh/reflectwalk v1.0.2/go.mod h1:mSTlrgnPZtwu0c4WaC2kGObEpuNDbx0jmZXqmk4esnw=
github.com/moby/docker-image-spec v1.3.1 h1:jMKff3w6PgbfSa69GfNg+zN/XLhfXJGnEx3Nl2EsFP0=
github.com/moby/docker-image-spec v1.3.1/go.mod h1:eKmb5VW8vQEh/BAr2yvVNvuiJuY6UIocYsFu/DxxRpo=
github.com/moby/go-archive v0.2.0 h1:zg5QDUM2mi0JIM9fdQZWC7U8+2ZfixfTYoHL7rWUcP8=
github.com/moby/go-archive v0.2.0/go.mod h1:mNeivT14o8xU+5q1YnNrkQVpK+dnNe/K6fHqnTg4qPU=
github.com/moby/moby/api v1.54.1 h1:TqVzuJkOLsgLDDwNLmYqACUuTehOHRGKiPhvH8V3Nn4=
github.com/moby/moby/api v1.54.1/go.mod h1:+RQ6wluLwtYaTd1WnPLykIDPekkuyD/ROWQClE83pzs=
github.com/moby/moby/client v0.4.0 h1:S+2XegzHQrrvTCvF6s5HFzcrywWQmuVnhOXe2kiWjIw=
github.com/moby/moby/client v0.4.0/go.mod h1:QWPbvWchQbxBNdaLSpoKpCdf5E+WxFAgNHogCWDoa7g=
github.com/moby/patternmatcher v0.6.1 h1:qlhtafmr6kgMIJjKJMDmMWq7WLkKIo23hsrpR3x084U=
github.com/moby/patternmatcher v0.6.1/go.mod h1:hDPoyOpDY7OrrMDLaYoY3hf52gNCR/YOUYxkhApJIxc=
github.com/moby/sys/sequential v0.6.0 h1:qrx7XFUd/5DxtqcoH1h438hF5TmOvzC/lspjy7zgvCU=
github.com/moby/sys/sequential v0.6.0/go.mod h1:uyv8EUTrca5PnDsdMGXhZe6CCe8U/UiTWd+lL+7b/Ko=
github.com/moby/sys/user v0.4.0 h1:jhcMKit7SA80hivmFJcbB1vqmw//wU61Zdui2eQXuMs=
github.com/moby/sys/user v0.4.0/go.mod h1:bG+tYYYJgaMtRKgEmuueC0hJEAZWwtIbZTB+85uoHjs=
github.com/moby/sys/userns v0.1.0 h1:tVLXkFOxVu9A64/yh59slHVv9ahO9UIev4JZusOLG/g=
github.com/moby/sys/userns v0.1.0/go.mod h1:IHUYgu/kao6N8YZlp9Cf444ySSvCmDlmzUcYfDHOl28=
github.com/moby/term v0.5.2 h1:6qk3FJAFDs6i/q3W/pQ97SX192qKfZgGjCQqfCJkgzQ=
github.com/moby/term v0.5.2/go.mod h1:d3djjFCrjnB+fl8NJux+EJzu0msscUP+f8it8hPkFLc=
github.com/modern-go/concurrent v0.0.0-20180228061459-e0a39a4cb421/go.mod h1:6dJC0mAP4ikYIbvyc7fijjWJddQyLn8Ig3JB5CqoB9Q=
github.com/modern-go/concurrent v0.0.0-20180306012644-bacd9c7ef1dd h1:TRLaZ9cD/w8PVh93nsPXa1VrQ6jlwL5oN8l14QlcNfg=
github.com/modern-go/concurrent v0.0.0-20180306012644-bacd9c7ef1dd/go.mod h1:6dJC0mAP4ikYIbvyc7fijjWJddQyLn8Ig3JB5CqoB9Q=
github.com/modern-go/reflect2 v1.0.2/go.mod h1:yWuevngMOJpCy52FWWMvUC8ws7m/LJsjYzDa0/r8luk=
github.com/modern-go/reflect2 v1.0.3-0.20250322232337-35a7c28c31ee h1:W5t00kpgFdJifH4BDsTlE89Zl93FEloxaWZfGcifgq8=
github.com/modern-go/reflect2 v1.0.3-0.20250322232337-35a7c28c31ee/go.mod h1:yWuevngMOJpCy52FWWMvUC8ws7m/LJsjYzDa0/r8luk=
github.com/munnerz/goautoneg v0.0.0-20191010083416-a7dc8b61c822 h1:C3w9PqII01/Oq1c1nUAm88MOHcQC9l5mIlSMApZMrHA=
github.com/munnerz/goautoneg v0.0.0-20191010083416-a7dc8b61c822/go.mod h1:+n7T8mK8HuQTcFwEeznm/DIxMOiR9yIdICNftLE1DvQ=
github.com/open-telemetry/opentelemetry-collector-contrib/internal/coreinternal v0.152.0 h1:w66vcz3BlSPlSdkYn7LMjzvdkczvLWXD3X4Ggdi2ykY=
github.com/open-telemetry/opentelemetry-collector-contrib/internal/coreinternal v0.152.0/go.mod h1:t2rBQaw3WPJNxmfOnwdoO00pcH7r5uvy5oaHBuqr1Lc=
github.com/open-telemetry/opentelemetry-collector-contrib/pkg/golden v0.152.0 h1:fQrrez6QO0NTZwOhSZbZk6Wl0yVPYLXhxFsWHzNYtbY=
github.com/open-telemetry/opentelemetry-collector-contrib/pkg/golden v0.152.0/go.mod h1:X0kUdRRV8bHWFS/9lpn+1V1NWzLkrX/bwWqBmbMAK0E=
github.com/open-telemetry/opentelemetry-collector-contrib/pkg/pdatatest v0.152.0 h1:doUXkx/2b8cCLCmPPUIL7mptXLHZccEXrynOBHJXaY8=
github.com/open-telemetry/opentelemetry-collector-contrib/pkg/pdatatest v0.152.0/go.mod h1:gyWlIJCVQALYPpqp824SRrBFFRKC+6UYrtLEvlYeR7w=
github.com/open-telemetry/opentelemetry-collector-contrib/pkg/pdatautil v0.152.0 h1:Dr+hw7TeddrYpAR5qVArm7Ww+M+QSQ3ZVvq0iLJbiA8=
github.com/open-telemetry/opentelemetry-collector-contrib/pkg/pdatautil v0.152.0/go.mod h1:0QtMW3LsiCIZ2pAYqs9xkxg4GIfMMZND9mcRWOB/OvE=
github.com/opencontainers/go-digest v1.0.0 h1:apOUWs51W5PlhuyGyz9FCeeBIOUDA/6nW8Oi/yOhh5U=
github.com/opencontainers/go-digest v1.0.0/go.mod h1:0JzlMkj0TRzQZfJkVvzbP0HBR3IKzErnv2BNG4W4MAM=
github.com/opencontainers/image-spec v1.1.1 h1:y0fUlFfIZhPF1W537XOLg0/fcx6zcHCJwooC2xJA040=
github.com/opencontainers/image-spec v1.1.1/go.mod h1:qpqAh3Dmcf36wStyyWU+kCeDgrGnAve2nCC8+7h8Q0M=
github.com/pierrec/lz4/v4 v4.1.26 h1:GrpZw1gZttORinvzBdXPUXATeqlJjqUG/D87TKMnhjY=
github.com/pierrec/lz4/v4 v4.1.26/go.mod h1:EoQMVJgeeEOMsCqCzqFm2O0cJvljX2nGZjcRIPL34O4=
github.com/pmezard/go-difflib v1.0.0/go.mod h1:iKH77koFhYxTK1pcRnkKkqfTogsbg7gZNVY4sRDYZ/4=
github.com/pmezard/go-difflib v1.0.1-0.20181226105442-5d4384ee4fb2 h1:Jamvg5psRIccs7FGNTlIRMkT8wgtp5eCXdBlqhYGL6U=
github.com/pmezard/go-difflib v1.0.1-0.20181226105442-5d4384ee4fb2/go.mod h1:iKH77koFhYxTK1pcRnkKkqfTogsbg7gZNVY4sRDYZ/4=
github.com/power-devops/perfstat v0.0.0-20240221224432-82ca36839d55 h1:o4JXh1EVt9k/+g42oCprj/FisM4qX9L3sZB3upGN2ZU=
github.com/power-devops/perfstat v0.0.0-20240221224432-82ca36839d55/go.mod h1:OmDBASR4679mdNQnz2pUhc2G8CO2JrUAVFDRBDP/hJE=
github.com/prometheus/client_golang v1.23.2 h1:Je96obch5RDVy3FDMndoUsjAhG5Edi49h0RJWRi/o0o=
github.com/prometheus/client_golang v1.23.2/go.mod h1:Tb1a6LWHB3/SPIzCoaDXI4I8UHKeFTEQ1YCr+0Gyqmg=
github.com/prometheus/client_model v0.6.2 h1:oBsgwpGs7iVziMvrGhE53c/GrLUsZdHnqNwqPLxwZyk=
github.com/prometheus/client_model v0.6.2/go.mod h1:y3m2F6Gdpfy6Ut/GBsUqTWZqCUvMVzSfMLjcu6wAwpE=
github.com/prometheus/common v0.67.5 h1:pIgK94WWlQt1WLwAC5j2ynLaBRDiinoAb86HZHTUGI4=
github.com/prometheus/common v0.67.5/go.mod h1:SjE/0MzDEEAyrdr5Gqc6G+sXI67maCxzaT3A2+HqjUw=
github.com/prometheus/otlptranslator v1.0.0 h1:s0LJW/iN9dkIH+EnhiD3BlkkP5QVIUVEoIwkU+A6qos=
github.com/prometheus/otlptranslator v1.0.0/go.mod h1:vRYWnXvI6aWGpsdY/mOT/cbeVRBlPWtBNDb7kGR3uKM=
github.com/prometheus/procfs v0.20.1 h1:XwbrGOIplXW/AU3YhIhLODXMJYyC1isLFfYCsTEycfc=
github.com/prometheus/procfs v0.20.1/go.mod h1:o9EMBZGRyvDrSPH1RqdxhojkuXstoe4UlK79eF5TGGo=
github.com/rogpeppe/go-internal v1.14.1 h1:UQB4HGPB6osV0SQTLymcB4TgvyWu6ZyliaW0tI/otEQ=
github.com/rogpeppe/go-internal v1.14.1/go.mod h1:MaRKkUm5W0goXpeCfT7UZI6fk/L7L7so1lCWt35ZSgc=
github.com/rs/cors v1.11.1 h1:eU3gRzXLRK57F5rKMGMZURNdIG4EoAmX8k94r9wXWHA=
github.com/rs/cors v1.11.1/go.mod h1:XyqrcTp5zjWr1wsJ8PIRZssZ8b/WMcMf71DJnit4EMU=
github.com/russross/blackfriday/v2 v2.1.0/go.mod h1:+Rmxgy9KzJVeS9/2gXHxylqXiyQDYRxCVz55jmeOWTM=
github.com/shirou/gopsutil/v4 v4.26.4 h1:B4SXVbcwTyrocPHEmWBC4uCYr4Xcu3MK1TXqbprAOWY=
github.com/shirou/gopsutil/v4 v4.26.4/go.mod h1:LZ6ewCSkBqUpvSOf+LsTGnRinC6iaNUNMGBtDkJBaLQ=
github.com/sirupsen/logrus v1.9.4 h1:TsZE7l11zFCLZnZ+teH4Umoq5BhEIfIzfRDZ1Uzql2w=
github.com/sirupsen/logrus v1.9.4/go.mod h1:ftWc9WdOfJ0a92nsE2jF5u5ZwH8Bv2zdeOC42RjbV2g=
github.com/spf13/cobra v1.10.2 h1:DMTTonx5m65Ic0GOoRY2c16WCbHxOOw6xxezuLaBpcU=
github.com/spf13/cobra v1.10.2/go.mod h1:7C1pvHqHw5A4vrJfjNwvOdzYu0Gml16OCs2GRiTUUS4=
github.com/spf13/pflag v1.0.9/go.mod h1:McXfInJRrz4CZXVZOBLb0bTZqETkiAhM9Iw0y3An2Bg=
github.com/spf13/pflag v1.0.10 h1:4EBh2KAYBwaONj6b2Ye1GiHfwjqyROoF4RwYO+vPwFk=
github.com/spf13/pflag v1.0.10/go.mod h1:McXfInJRrz4CZXVZOBLb0bTZqETkiAhM9Iw0y3An2Bg=
github.com/stretchr/objx v0.1.0/go.mod h1:HFkY916IF+rwdDfMAkV7OtwuqBVzrE8GR6GFx+wExME=
github.com/stretchr/testify v1.3.0/go.mod h1:M5WIy9Dh21IEIfnGCwXGc5bZfKNJtfHm1UVUgZn+9EI=
github.com/stretchr/testify v1.11.1 h1:7s2iGBzp5EwR7/aIZr8ao5+dra3wiQyKjjFuvgVKu7U=
github.com/stretchr/testify v1.11.1/go.mod h1:wZwfW3scLgRK+23gO65QZefKpKQRnfz6sD981Nm4B6U=
github.com/testcontainers/testcontainers-go v0.42.0 h1:He3IhTzTZOygSXLJPMX7n44XtK+qhjat1nI9cneBbUY=
github.com/testcontainers/testcontainers-go v0.42.0/go.mod h1:vZjdY1YmUA1qEForxOIOazfsrdyORJAbhi0bp8plN30=
github.com/tklauser/go-sysconf v0.3.16 h1:frioLaCQSsF5Cy1jgRBrzr6t502KIIwQ0MArYICU0nA=
github.com/tklauser/go-sysconf v0.3.16/go.mod h1:/qNL9xxDhc7tx3HSRsLWNnuzbVfh3e7gh/BmM179nYI=
github.com/tklauser/numcpus v0.11.0 h1:nSTwhKH5e1dMNsCdVBukSZrURJRoHbSEQjdEbY+9RXw=
github.com/tklauser/numcpus v0.11.0/go.mod h1:z+LwcLq54uWZTX0u/bGobaV34u6V7KNlTZejzM6/3MQ=
github.com/yusufpapurcu/wmi v1.2.4 h1:zFUKzehAFReQwLys1b/iSMl+JQGSCSjtVqQn9bBrPo0=
github.com/yusufpapurcu/wmi v1.2.4/go.mod h1:SBZ9tNy3G9/m5Oi98Zks0QjeHVDvuK0qfxQmPyzfmi0=
go.opentelemetry.io/auto/sdk v1.2.1 h1:jXsnJ4Lmnqd11kwkBV2LgLoFMZKizbCi5fNZ/ipaZ64=
go.opentelemetry.io/auto/sdk v1.2.1/go.mod h1:KRTj+aOaElaLi+wW1kO/DZRXwkF4C5xPbEe3ZiIhN7Y=
go.opentelemetry.io/collector/client v1.59.0 h1:OzT7FdIiFVWKGU/UPgVDuCQtaI/GwTjLqWVz14IPGTI=
go.opentelemetry.io/collector/client v1.59.0/go.mod h1:1V5wVLhMZIMxeVoRK5AVHXnK2Ozyn6WNtmzMAjIMwY0=
go.opentelemetry.io/collector/component v1.59.0 h1:WtulkwzsdAOM/LE0cH/IiudUgiyb2ueVDDeEh5HsXzo=
go.opentelemetry.io/collector/component v1.59.0/go.mod h1:5eQCM0tS6qbG2XJ6Bt67kgCxuhCbg4csVv6SywyHZ6w=
go.opentelemetry.io/collector/component/componentstatus v0.153.0 h1:bZu1Qs1eHw5ZY2UEKq0f5IcctDgc6zjUYwCE1T22Tmw=
go.opentelemetry.io/collector/component/componentstatus v0.153.0/go.mod h1:SfYWwh6pA9jJUcjuX+zIJ9kyn+2Z9SSLMM3xYOBsVW4=
go.opentelemetry.io/collector/component/componenttest v0.153.0 h1:u6O1l+9PUNnI22k8q4sF9wgLAUyt+y2Ov7xi1yZ+wE4=
go.opentelemetry.io/collector/component/componenttest v0.153.0/go.mod h1:Ym/d5UxnoHmrCI5LsVANBicikNiqtwjk8uWBM+Z4jDM=
go.opentelemetry.io/collector/config/configauth v1.59.0 h1:JxmyiCv9xxyVEmBJQFcVTB0ymtSzOV90g+bChC1sSek=
go.opentelemetry.io/collector/config/configauth v1.59.0/go.mod h1:FMcL9Mr7KoPyGC4rbMm1qLn/8MiEy/sTQHigFQpge84=
go.opentelemetry.io/collector/config/configcompression v1.59.0 h1:uXDvWhm8zKZIFI6bS0wtMb8HwuNLywnO1MLpPPQBcGI=
go.opentelemetry.io/collector/config/configcompression v1.59.0/go.mod h1:SEcE2uFLHHPc/Vi8WCkW5MhOMUwaT321HBdZ3P8x8D0=
go.opentelemetry.io/collector/config/confighttp v0.153.0 h1:hsQIbRghdzTFKU1VoasU4sjL8rxCZiKbxGOcsDCgkmI=
go.opentelemetry.io/collector/config/confighttp v0.153.0/go.mod h1:Cr9qcfOOjUgxDd+U3SfW6kc1ifPeIFo4Bq4SPeaT+pM=
go.opentelemetry.io/collector/config/configmiddleware v1.59.0 h1:v1RKvzh8KZfSCwU1e5ESARg/Yj3TXDAN/viLxE4UVg4=
go.opentelemetry.io/collector/config/configmiddleware v1.59.0/go.mod h1:5Ic7T0GPx03YoCGy/Dn6uYK8QGQL9pJXW+OXrjVXDg8=
go.opentelemetry.io/collector/config/confignet v1.59.0 h1:vcV5YJj6L+vnF7GiGjBynt5xcxteV6RyIeycLEHkNi8=
go.opentelemetry.io/collector/config/confignet v1.59.0/go.mod h1:Op+r1B/DtzXgIuKEL7/JkTqtJdL9veu2uEXvSxH3lks=
go.opentelemetry.io/collector/config/configopaque v1.59.0 h1:32PvJXf3V4P1iUcAmN5E/mIa3+EqLx8/4mOzFU/9CjQ=
go.opentelemetry.io/collector/config/configopaque v1.59.0/go.mod h1:75nru6ahPcZsCOnVqsSomiBKk8n+iCZgUZXlwSdT8Ik=
go.opentelemetry.io/collector/config/configoptional v1.59.0 h1:kP751PU6KMxpw64DTPLD6vNDPjxqNJqFo7fPemu65Lc=
go.opentelemetry.io/collector/config/configoptional v1.59.0/go.mod h1:+TnLr1EMcsR4jJGoBHOCbifgunBjV3rHWNlDWPgBJcE=
go.opentelemetry.io/collector/config/configretry v1.59.0 h1:Y/V2GjMtfU4daUM1ZcjxI1woorK8nop8VBVagJ5HmLc=
go.opentelemetry.io/collector/config/configretry v1.59.0/go.mod h1:1BoQ5SvJT751bqP/5g0VTPLkNgMtvifAr2QqMCVOv2o=
go.opentelemetry.io/collector/config/configtelemetry v0.153.0 h1:y1zKKkY9Y3wXG+xv7kxRuF4DjM0aRXUVIPTpiAv27z4=
go.opentelemetry.io/collector/config/configtelemetry v0.153.0/go.mod h1:vLUthxDJbDk0ZE9MXPvmSslNESDdGblIXWoDMov3UOE=
go.opentelemetry.io/collector/config/configtls v1.59.0 h1:ob9OpwDkXgQIKqZ0ITk17D+oLusBK5wXRsOR+/ghmyw=
go.opentelemetry.io/collector/config/configtls v1.59.0/go.mod h1:oAZwCfp651SpN/5aZkHnTcj+ratuvUOHUS4DjmRSxBE=
go.opentelemetry.io/collector/confmap v1.59.0 h1:asxEEiWwNuGfmTVSctYArOTF8jcxYpS4NmPtvvFhNNI=
go.opentelemetry.io/collector/confmap v1.59.0/go.mod h1:X5SjFINrF0cb0hcM8PwnW2z+0L/pHA1H1yPPtm2j0tY=
go.opentelemetry.io/collector/confmap/provider/envprovider v1.59.0 h1:4a51TfHNYODZlOUwXVwSBA4OfdcYJPg1AGrC1anvWpc=
go.opentelemetry.io/collector/confmap/provider/envprovider v1.59.0/go.mod h1:iLL39JghdCSSfJvy0hggdv68Dmdqjbb9IOLCzWsAdJ8=
go.opentelemetry.io/collector/confmap/provider/fileprovider v1.59.0 h1:PpHozFpMPeBVAy8pTXF7EdE1WIXC31L/yRNZHMpZLVw=
go.opentelemetry.io/collector/confmap/provider/fileprovider v1.59.0/go.mod h1:bJY7BL+fL4jEGVS6JBLViueb3BczlVi86PA47lKeu84=
go.opentelemetry.io/collector/confmap/provider/httpprovider v1.59.0 h1:O1nzxeSy6CTcUoFn+v50KwgFG3E0MyLyY93U0VVxBmY=
go.opentelemetry.io/collector/confmap/provider/httpprovider v1.59.0/go.mod h1:+28HwzRD0dbSOPCFzesaM9C5I3ROMhmSUX61zZWfkYo=
go.opentelemetry.io/collector/confmap/provider/httpsprovider v1.59.0 h1:AhuPzNVPD78w1tgMvfV1P+l/tjydP4H6931HD1iSzSo=
go.opentelemetry.io/collector/confmap/provider/httpsprovider v1.59.0/go.mod h1:mlahDnPT0Az5UP9TmVK470Pw+p6Gr84JmPdoTDky+ac=
go.opentelemetry.io/collector/confmap/provider/yamlprovider v1.59.0 h1:HDwlnq8uyKuKgu3UGKVneZ0u5r6JSdBxyENDLdD9n7Y=
go.opentelemetry.io/collector/confmap/provider/yamlprovider v1.59.0/go.mod h1:cjQftyEuarbzOX5CQq6kJiW9QqUgbZVpW16kbvuOpTw=
go.opentelemetry.io/collector/confmap/xconfmap v0.153.0 h1:RSn7C87eBp1iuWip3hX8v9AR8adMze1usJxwumefkq4=
go.opentelemetry.io/collector/confmap/xconfmap v0.153.0/go.mod h1:4SuPyutUiirRqQoPeY+13lLYkOQ2opMQgKvKACnXh1k=
go.opentelemetry.io/collector/connector v0.153.0 h1:a89D74vseo/XAWj+QqtXCuFagoXVhz+sA1AcTTntz0A=
go.opentelemetry.io/collector/connector v0.153.0/go.mod h1:V99TR3kFWZw4QqZACKD2xzGa65o2c//DyE/Cnd8K7xI=
go.opentelemetry.io/collector/connector/connectortest v0.153.0 h1:iBc8/5kxBDYkCwLgZ97XcKlGaOmDRzK/41rJ41+gJyg=
go.opentelemetry.io/collector/connector/connectortest v0.153.0/go.mod h1:RqbwV1VkhYTCTdYsymYm+HWul/HXgbwJbtX4qWepTVM=
go.opentelemetry.io/collector/connector/xconnector v0.153.0 h1:a8rb4fSgjaJ3m6Wo0TXzUosVxZPver83jaNY4lBsISU=
go.opentelemetry.io/collector/connector/xconnector v0.153.0/go.mod h1:/KgC6Dqsl8DXahVE3sv6TGCu9XBo/rofx4zObMrgux4=
go.opentelemetry.io/collector/consumer v1.59.0 h1:EFDQ8ZTWwHEratWusKgW26W20LeAWdXj235iD9MxpuA=
go.opentelemetry.io/collector/consumer v1.59.0/go.mod h1:wrOSfXkKjzEeHYxhKGukuB9+NFV/CboWwEH1oEXhMtw=
go.opentelemetry.io/collector/consumer/consumererror v0.153.0 h1:x64J2xnSOoOp3yZRWioZ03vNAF19aBioUsRlZ4eC6x8=
go.opentelemetry.io/collector/consumer/consumererror v0.153.0/go.mod h1:5zJ8TYQisuMjWJNaW6S86cHY1rf3DzXOVvsN8pA3Cc8=
go.opentelemetry.io/collector/consumer/consumertest v0.153.0 h1:fCqkOWNVK/qipg4SX60zICs3jhKDjcrtF1oxJR6msCk=
go.opentelemetry.io/collector/consumer/consumertest v0.153.0/go.mod h1:YfVqyCrvEfvsbbrpfiH97fITh4vmIBzZT112tUluqx0=
go.opentelemetry.io/collector/consumer/xconsumer v0.153.0 h1:Jt1Aiiq9zDILzppRTEdZXaA830KBjjP1i2kWL+h5br0=
go.opentelemetry.io/collector/consumer/xconsumer v0.153.0/go.mod h1:IzJ/dTOtEUMjY0DYu6kO946u5jbiDDUG8+sLaLhJ+HY=
go.opentelemetry.io/collector/exporter v1.59.0 h1:euVTD79AVw8eSKi/OhX3iLBV/EnY9KFY10z7yCTN7xQ=
go.opentelemetry.io/collector/exporter v1.59.0/go.mod h1:VVpK5byUW0r/ncXT9RltZGlzMp41sZj0i3F8pq9ESCQ=
go.opentelemetry.io/collector/exporter/exporterhelper v0.153.0 h1:PdRWHJIJguacgkMd3EDMDYGeNYAJS9dsTQflj7cCi1Q=
go.opentelemetry.io/collector/exporter/exporterhelper v0.153.0/go.mod h1:T+Pd0Zzlih2g/b2Yl70tA8XRENKv3ssJc/3hNvNuPoo=
go.opentelemetry.io/collector/exporter/exportertest v0.153.0 h1:kXrli6XWylPE7TjkgEhnv3ZnyW5tX8YzPxlsCH3alF0=
go.opentelemetry.io/collector/exporter/exportertest v0.153.0/go.mod h1:nMQIX7zf0eUA3o66WEdFaRouIcVKPJye6NG5FeNBbKs=
go.opentelemetry.io/collector/exporter/xexporter v0.153.0 h1:u2HeNDQdILoC1mtd76d4pbBTU6WjU2d8g3SKR+iWN4A=
go.opentelemetry.io/collector/exporter/xexporter v0.153.0/go.mod h1:3k51y+RlA8nMm0Y2NXkWtmYBs48ZhYbxHqiecobVUU4=
go.opentelemetry.io/collector/extension v1.59.0 h1:fewl/jU67OT2LePe3xNbYdMog4KruN4TZbvr0haoNFE=
go.opentelemetry.io/collector/extension v1.59.0/go.mod h1:OPhsUCwdQ6Z8k8KXnmxTt6gmsWTBxrkIvL+/SoHiX8Y=
go.opentelemetry.io/collector/extension/extensionauth v1.59.0 h1:Z4VQSf8p3zNJBZtdr3KUzJrFl6ArMQCgbHEc2qiHZXQ=
go.opentelemetry.io/collector/extension/extensionauth v1.59.0/go.mod h1:pn6TIMsbQDDI73ysgqQor6pZLPW3GgKlueJFWIloENI=
go.opentelemetry.io/collector/extension/extensionauth/extensionauthtest v0.153.0 h1:OA/ox3Cnv06imwywfQDZP9vERSrWogtFQniJNsKfJts=
go.opentelemetry.io/collector/extension/extensionauth/extensionauthtest v0.153.0/go.mod h1:bGwGZ2Kh9c3CJK2QbUzAMIH0AzIbI3M1MA5FNuYcbX8=
go.opentelemetry.io/collector/extension/extensioncapabilities v0.153.0 h1:emaqnTL2j+4wXP7OlEVOW9Vgp9OEde569PvJ1+O8cEQ=
go.opentelemetry.io/collector/extension/extensioncapabilities v0.153.0/go.mod h1:8URk4daGSZ2o4UU91z5kNAFZUCsHpGr0e8nzXDACToQ=
go.opentelemetry.io/collector/extension/extensionmiddleware v0.153.0 h1:dfRy58RhuypZHy/KPhYOKqIRysdAreJLDDlkfr0TC5I=
go.opentelemetry.io/collector/extension/extensionmiddleware v0.153.0/go.mod h1:1m1+iz6cYOvXty9iHZwo8whRxUYw8F+1JsRQoqCf9r4=
go.opentelemetry.io/collector/extension/extensionmiddleware/extensionmiddlewaretest v0.153.0 h1:5tzIbYqlPPlftEKaWettihciNTRbrzReaWzLSb523L4=
go.opentelemetry.io/collector/extension/extensionmiddleware/extensionmiddlewaretest v0.153.0/go.mod h1:TtauDSMVGFxZ2su5Usw/qJqLXJdO3qUX9C0MRlE72nc=
go.opentelemetry.io/collector/extension/extensiontest v0.153.0 h1:BNE/Bm1lTkJV7ix3T8EXmdjuU5BTCbHMO+L3+fY8B6A=
go.opentelemetry.io/collector/extension/extensiontest v0.153.0/go.mod h1:dPZ2vhJg08/zVwl7BmhzLOaH0vQMkXgvc5rVGJg22IE=
go.opentelemetry.io/collector/extension/xextension v0.153.0 h1:X81P0kRlWc2gXXxb4/XHzSuDTzs0DGOwjUk4trFa8gw=
go.opentelemetry.io/collector/extension/xextension v0.153.0/go.mod h1:4V5uGnqdaUcXQV6HXjs9VF89dq+y7Icex96JCANVur0=
go.opentelemetry.io/collector/extension/zpagesextension v0.153.0 h1:35sxsy7k681LHjo397yXgHxUvydwURIWNB50I1pSe7Y=
go.opentelemetry.io/collector/extension/zpagesextension v0.153.0/go.mod h1:rIpUUTsYNM6fUdnJoP1YFuaCWDIs9ytl4ZwUhB0QpK8=
go.opentelemetry.io/collector/featuregate v1.59.0 h1:pu70/9eWRjAjzGnr3VmqwY+k6fmU3esLp15AqxfBBz0=
go.opentelemetry.io/collector/featuregate v1.59.0/go.mod h1:4ga1QBMPEejXXmpyJS8lmaRpknJ3Lb9Bvk6e420bUFU=
go.opentelemetry.io/collector/filter v0.152.1-0.20260514231715-e7f22744c28c h1:jNYvfcXokCrBwIY0FmbwQ585+MUYOT/0YJiR6Qazpjs=
go.opentelemetry.io/collector/filter v0.152.1-0.20260514231715-e7f22744c28c/go.mod h1:GNDoOjdDk/HGvgzhUuGzyOtXRk8Xuv2CY+0+qay3QEA=
go.opentelemetry.io/collector/internal/componentalias v0.153.0 h1:tr5I5hsJPJBbVPGjvOVVPPK4dLR5ZLqVEckuOfnzzMs=
go.opentelemetry.io/collector/internal/componentalias v0.153.0/go.mod h1:tFSKiuWKJJgfxANyVnbKPVZkOF7N0bFXvCxCEgqMKuo=
go.opentelemetry.io/collector/internal/fanoutconsumer v0.153.0 h1:6zW7d4PQ/elXNiU/3i4VCI2rXJ4ngaTWWacHwfdCSwg=
go.opentelemetry.io/collector/internal/fanoutconsumer v0.153.0/go.mod h1:B/nBW+tLvLCJaT2OxpGinVQExRpJ+edIFk2fru8+byE=
go.opentelemetry.io/collector/internal/telemetry v0.153.0 h1:+AGe7gb2gMP52fvFU/L/HxEWwr4m3X/9JxBqRo4Ip2k=
go.opentelemetry.io/collector/internal/telemetry v0.153.0/go.mod h1:0J8PHWp4bnxdDzd7XmAIDJ1KmYKlYZKuNN/IMxyYDrM=
go.opentelemetry.io/collector/internal/testutil v0.153.0 h1:GJEaPLohao+7wtm08yGf73RGi1rpIHvqzxOb7Xn8sP0=
go.opentelemetry.io/collector/internal/testutil v0.153.0/go.mod h1:Jkjs6rkqs973LqgZ0Fe3zrokQRKULYXPIf4HuqStiEE=
go.opentelemetry.io/collector/otelcol v0.153.0 h1:weZEL9w6iXjLSSjJMCvt4y8lhfVz2SGQ+XxLmdt4k74=
go.opentelemetry.io/collector/otelcol v0.153.0/go.mod h1:MtevIgBJDFhLWc+A/CcFrJnAxGvqnAm47oWNv6QE2k8=
go.opentelemetry.io/collector/pdata v1.59.0 h1:lO1IcaO9+HUVdFh+RATCUG3oTP+uCZzsE7HJ0MjmzRc=
go.opentelemetry.io/collector/pdata v1.59.0/go.mod h1:AH6M14C6qhesnUpcvigkvFMiX9KtdSWQENMBNyNhe7I=
go.opentelemetry.io/collector/pdata/pprofile v0.153.0 h1:IurcS9g28cVrtIvc1oUVN8vSm5j0t79Pd8GZgd1PV28=
go.opentelemetry.io/collector/pdata/pprofile v0.153.0/go.mod h1:nX33dLKrwdoz/FQeIs6JKPeZcS1KbU2VIOwH7K0F05c=
go.opentelemetry.io/collector/pdata/testdata v0.153.0 h1:pO/+b8Rz5PG0G+TskdYdQEjhXnNG2bQoiRRMwic6X0I=
go.opentelemetry.io/collector/pdata/testdata v0.153.0/go.mod h1:JVjUfJv9YFL3JUhisxMdLe2DX7we227Ry9JiTgwlEro=
go.opentelemetry.io/collector/pdata/xpdata v0.153.0 h1:aN+kNiUUMOzmgrMSn/jwUQFSkrCKDc6wzSA3ZYv5+V0=
go.opentelemetry.io/collector/pdata/xpdata v0.153.0/go.mod h1:o3qYgdBimJtEPHefjOrB3WPIHtNenT2lHuHrYBRAPE4=
go.opentelemetry.io/collector/pipeline v1.59.0 h1:AyEcAPy5ZuUFpqis9i97WEIAcFh/mEEo90+1wr4urNU=
go.opentelemetry.io/collector/pipeline v1.59.0/go.mod h1:RD90NG3Jbk965Xaqym3JyHkuol4uZJjQVUkD9ddXJIs=
go.opentelemetry.io/collector/pipeline/xpipeline v0.153.0 h1:b2GvTGxFqcRFHARtU95/pOh9uhdY8TDTcrA5TOy3mhs=
go.opentelemetry.io/collector/pipeline/xpipeline v0.153.0/go.mod h1:EPU4bxOCNAI6Jny7ijUzRNATGNkcTMMBazY+NK2Ifng=
go.opentelemetry.io/collector/processor v1.59.0 h1:uSIMwLaKLzHNiv8625LP3BLUMCqRaBc1ay2o7uW19PQ=
go.opentelemetry.io/collector/processor v1.59.0/go.mod h1:IrCFcSdmqIWfNeTWOxncNcdQGVOf0LlKY6A3pHEpGiw=
go.opentelemetry.io/collector/processor/processortest v0.153.0 h1:aMH8+omUXs2iCKL4Cphmzzrn4lB4jm6ZgWRvKKV+B/c=
go.opentelemetry.io/collector/processor/processortest v0.153.0/go.mod h1:LAPHps5FhQyd0MnNd1ZHmoykG/EWsIpJLs7fivFf5Mc=
go.opentelemetry.io/collector/processor/xprocessor v0.153.0 h1:mXtOAwZAXcHgAgVRzAk4NRoyj7yHV88LVFrn0CCedog=
go.opentelemetry.io/collector/processor/xprocessor v0.153.0/go.mod h1:yGFU58TvheCedrVkdqU8jW/vnCFqcyYElf+5lidn0nA=
go.opentelemetry.io/collector/receiver v1.59.0 h1:2jf2guECLyWno3OqNaefjfo+Tt3MSm6uz1WsbIXv5Ao=
go.opentelemetry.io/collector/receiver v1.59.0/go.mod h1:rklWFy0kaMMghuGlrTxqYP96V810HwDVwIgKpP6kn2o=
go.opentelemetry.io/collector/receiver/receiverhelper v0.152.1-0.20260514231715-e7f22744c28c h1:WrXVSsKfjVnzSdCPVkGU2pApA8ISbIgPpKZ0uj5n6ec=
go.opentelemetry.io/collector/receiver/receiverhelper v0.152.1-0.20260514231715-e7f22744c28c/go.mod h1:3uBDKP5LAqzGIASltu5lzbvYrqVrAcYVMVPjTyW7Hos=
go.opentelemetry.io/collector/receiver/receivertest v0.153.0 h1:YHvywYcyV1G0I5r/J0OxgOJZPLLyrMAMA0Q7VdBYFxc=
go.opentelemetry.io/collector/receiver/receivertest v0.153.0/go.mod h1:Zkf5hQ9qk9ACx/WBMZIaSri6LIJzFgfRxmScigP05tg=
go.opentelemetry.io/collector/receiver/xreceiver v0.153.0 h1:yz6By4iJzOsvl9GxVOXTn0GoSr5ZxOuvk9+24obhqDQ=
go.opentelemetry.io/collector/receiver/xreceiver v0.153.0/go.mod h1:4cM85JHe5weHwUAc60P/vPKU1uLtrhI46lzDOsSpqz4=
go.opentelemetry.io/collector/scraper v0.152.1-0.20260514231715-e7f22744c28c h1:S/7hovhMDKSzeDD9oL9ODFfBfLpDynBtBmXaUwkNouM=
go.opentelemetry.io/collector/scraper v0.152.1-0.20260514231715-e7f22744c28c/go.mod h1:fMSUC0AbBCupYMpE0f6mSdnnBnuNQV8BCmUJFOj4VmQ=
go.opentelemetry.io/collector/scraper/scraperhelper v0.152.1-0.20260514231715-e7f22744c28c h1:fNxaAW4zvQ6dspuxvtzYvRtn24jyukEvt8FgyGPmO5I=
go.opentelemetry.io/collector/scraper/scraperhelper v0.152.1-0.20260514231715-e7f22744c28c/go.mod h1:cbcycm1A8GHm98/fSxRDszzGw053lLFxr1k/1g41FzQ=
go.opentelemetry.io/collector/service v0.153.0 h1:y0hQFJHBKwy+8gFrhvOjzfiEOMqX0vnd25nmxgKulF4=
go.opentelemetry.io/collector/service v0.153.0/go.mod h1:Se1rFE464pVOYzfdXL7SIytP8fRODH4mXvAi0aW2iHg=
go.opentelemetry.io/collector/service/hostcapabilities v0.153.0 h1:0Wd6KbrpyMimuuAMAcDfPiEIlkYCiuU5+N08DoUhMQ8=
go.opentelemetry.io/collector/service/hostcapabilities v0.153.0/go.mod h1:JVXJeyQExJkSKjjAa6r0kv4Fn3DvLMSfnXKOd9JMGQM=
go.opentelemetry.io/collector/service/telemetry/telemetrytest v0.153.0 h1:Bc3OiaWI0zObbgheibjUAeWGCzQzMFmMRgzBP44swrY=
go.opentelemetry.io/collector/service/telemetry/telemetrytest v0.153.0/go.mod h1:ax0sBGaWeIzJ6BsanRHnVO+2iL8+beSfa0Mse8FR6J4=
go.opentelemetry.io/contrib/bridges/otelzap v0.18.0 h1:EkWTww6Nqs2P29r01NeuNsG7qNJtoWWaT1fx/CKode8=
go.opentelemetry.io/contrib/bridges/otelzap v0.18.0/go.mod h1:lj3bgA/c7nJy0NhxqyvWJFC30aTgB+G0RKDdLbvJ4QM=
go.opentelemetry.io/contrib/instrumentation/net/http/otelhttp v0.68.0 h1:CqXxU8VOmDefoh0+ztfGaymYbhdB/tT3zs79QaZTNGY=
go.opentelemetry.io/contrib/instrumentation/net/http/otelhttp v0.68.0/go.mod h1:BuhAPThV8PBHBvg8ZzZ/Ok3idOdhWIodywz2xEcRbJo=
go.opentelemetry.io/contrib/otelconf v0.23.0 h1:s3C7KdMYiutf4rC8hKFA0WOIDG+gIru8ajjQKS59ir8=
go.opentelemetry.io/contrib/otelconf v0.23.0/go.mod h1:0kN2tcccZS82e7IZlo045gkcL8/8dup1k25sf9ypGxM=
go.opentelemetry.io/contrib/propagators/b3 v1.43.0 h1:CETqV3QLLPTy5yNrqyMr41VnAOOD4lsRved7n4QG00A=
go.opentelemetry.io/contrib/propagators/b3 v1.43.0/go.mod h1:Q4mCiCdziYzpNR0g+6UqVotAlCDZdzz6L8jwY4knOrw=
go.opentelemetry.io/contrib/zpages v0.68.0 h1:H5yrUwxPrbvhzdBxjQD+VXMtPjIBfp8NWNVvQT8E30M=
go.opentelemetry.io/contrib/zpages v0.68.0/go.mod h1:sZGctYYO4UOHItj9bx3F+t/s+u1Fv8CHCJ5s2eR2cjU=
go.opentelemetry.io/otel v1.43.0 h1:mYIM03dnh5zfN7HautFE4ieIig9amkNANT+xcVxAj9I=
go.opentelemetry.io/otel v1.43.0/go.mod h1:JuG+u74mvjvcm8vj8pI5XiHy1zDeoCS2LB1spIq7Ay0=
go.opentelemetry.io/otel/exporters/otlp/otlplog/otlploggrpc v0.19.0 h1:Dn8rkudDzY6KV9dr/D/bTUuWgqDf9xe0rr4G2elrn0Y=
go.opentelemetry.io/otel/exporters/otlp/otlplog/otlploggrpc v0.19.0/go.mod h1:gMk9F0xDgyN9M/3Ed5Y1wKcx/9mlU91NXY2SNq7RQuU=
go.opentelemetry.io/otel/exporters/otlp/otlplog/otlploghttp v0.19.0 h1:HIBTQ3VO5aupLKjC90JgMqpezVXwFuq6Ryjn0/izoag=
go.opentelemetry.io/otel/exporters/otlp/otlplog/otlploghttp v0.19.0/go.mod h1:ji9vId85hMxqfvICA0Jt8JqEdrXaAkcpkI9HPXya0ro=
go.opentelemetry.io/otel/exporters/otlp/otlpmetric/otlpmetricgrpc v1.43.0 h1:8UQVDcZxOJLtX6gxtDt3vY2WTgvZqMQRzjsqiIHQdkc=
go.opentelemetry.io/otel/exporters/otlp/otlpmetric/otlpmetricgrpc v1.43.0/go.mod h1:2lmweYCiHYpEjQ/lSJBYhj9jP1zvCvQW4BqL9dnT7FQ=
go.opentelemetry.io/otel/exporters/otlp/otlpmetric/otlpmetrichttp v1.43.0 h1:w1K+pCJoPpQifuVpsKamUdn9U0zM3xUziVOqsGksUrY=
go.opentelemetry.io/otel/exporters/otlp/otlpmetric/otlpmetrichttp v1.43.0/go.mod h1:HBy4BjzgVE8139ieRI75oXm3EcDN+6GhD88JT1Kjvxg=
go.opentelemetry.io/otel/exporters/otlp/otlptrace v1.43.0 h1:88Y4s2C8oTui1LGM6bTWkw0ICGcOLCAI5l6zsD1j20k=
go.opentelemetry.io/otel/exporters/otlp/otlptrace v1.43.0/go.mod h1:Vl1/iaggsuRlrHf/hfPJPvVag77kKyvrLeD10kpMl+A=
go.opentelemetry.io/otel/exporters/otlp/otlptrace/otlptracegrpc v1.43.0 h1:RAE+JPfvEmvy+0LzyUA25/SGawPwIUbZ6u0Wug54sLc=
go.opentelemetry.io/otel/exporters/otlp/otlptrace/otlptracegrpc v1.43.0/go.mod h1:AGmbycVGEsRx9mXMZ75CsOyhSP6MFIcj/6dnG+vhVjk=
go.opentelemetry.io/otel/exporters/otlp/otlptrace/otlptracehttp v1.43.0 h1:3iZJKlCZufyRzPzlQhUIWVmfltrXuGyfjREgGP3UUjc=
go.opentelemetry.io/otel/exporters/otlp/otlptrace/otlptracehttp v1.43.0/go.mod h1:/G+nUPfhq2e+qiXMGxMwumDrP5jtzU+mWN7/sjT2rak=
go.opentelemetry.io/otel/exporters/prometheus v0.65.0 h1:jOveH/b4lU9HT7y+Gfamf18BqlOuz2PWEvs8yM7Q6XE=
go.opentelemetry.io/otel/exporters/prometheus v0.65.0/go.mod h1:i1P8pcumauPtUI4YNopea1dhzEMuEqWP1xoUZDylLHo=
go.opentelemetry.io/otel/exporters/stdout/stdoutlog v0.19.0 h1:GJkybS+crDMdExT/BUNCEgfrmfboztcS6PhvSo88HKM=
go.opentelemetry.io/otel/exporters/stdout/stdoutlog v0.19.0/go.mod h1:NuAyxRYIG2lKX3YQkB+83StTxM7s52PUUkRRiC0wnYI=
go.opentelemetry.io/otel/exporters/stdout/stdoutmetric v1.43.0 h1:TC+BewnDpeiAmcscXbGMfxkO+mwYUwE/VySwvw88PfA=
go.opentelemetry.io/otel/exporters/stdout/stdoutmetric v1.43.0/go.mod h1:J/ZyF4vfPwsSr9xJSPyQ4LqtcTPULFR64KwTikGLe+A=
go.opentelemetry.io/otel/exporters/stdout/stdouttrace v1.43.0 h1:mS47AX77OtFfKG4vtp+84kuGSFZHTyxtXIN269vChY0=
go.opentelemetry.io/otel/exporters/stdout/stdouttrace v1.43.0/go.mod h1:PJnsC41lAGncJlPUniSwM81gc80GkgWJWr3cu2nKEtU=
go.opentelemetry.io/otel/log v0.19.0 h1:KUZs/GOsw79TBBMfDWsXS+KZ4g2Ckzksd1ymzsIEbo4=
go.opentelemetry.io/otel/log v0.19.0/go.mod h1:5DQYeGmxVIr4n0/BcJvF4upsraHjg6vudJJpnkL6Ipk=
go.opentelemetry.io/otel/log/logtest v0.19.0 h1:HdSsl4ndTK15LtJGLWBfMsSlLrCgSeE3VMzwOrLYiYs=
go.opentelemetry.io/otel/log/logtest v0.19.0/go.mod h1:c1sH1nOHTwfMCWhhQTdWGqxgDjZhtkbkzAqGGyj0Ijs=
go.opentelemetry.io/otel/metric v1.43.0 h1:d7638QeInOnuwOONPp4JAOGfbCEpYb+K6DVWvdxGzgM=
go.opentelemetry.io/otel/metric v1.43.0/go.mod h1:RDnPtIxvqlgO8GRW18W6Z/4P462ldprJtfxHxyKd2PY=
go.opentelemetry.io/otel/sdk v1.43.0 h1:pi5mE86i5rTeLXqoF/hhiBtUNcrAGHLKQdhg4h4V9Dg=
go.opentelemetry.io/otel/sdk v1.43.0/go.mod h1:P+IkVU3iWukmiit/Yf9AWvpyRDlUeBaRg6Y+C58QHzg=
go.opentelemetry.io/otel/sdk/log v0.19.0 h1:scYVLqT22D2gqXItnWiocLUKGH9yvkkeql5dBDiXyko=
go.opentelemetry.io/otel/sdk/log v0.19.0/go.mod h1:vFBowwXGLlW9AvpuF7bMgnNI95LiW10szrOdvzBHlAg=
go.opentelemetry.io/otel/sdk/log/logtest v0.19.0 h1:BEbF7ZBB6qQloV/Ub1+3NQoOUnVtcGkU3XX4Ws3GQfk=
go.opentelemetry.io/otel/sdk/log/logtest v0.19.0/go.mod h1:Lua81/3yM0wOmoHTokLj9y9ADeA02v1naRrVrkAZuKk=
go.opentelemetry.io/otel/sdk/metric v1.43.0 h1:S88dyqXjJkuBNLeMcVPRFXpRw2fuwdvfCGLEo89fDkw=
go.opentelemetry.io/otel/sdk/metric v1.43.0/go.mod h1:C/RJtwSEJ5hzTiUz5pXF1kILHStzb9zFlIEe85bhj6A=
go.opentelemetry.io/otel/trace v1.43.0 h1:BkNrHpup+4k4w+ZZ86CZoHHEkohws8AY+WTX09nk+3A=
go.opentelemetry.io/otel/trace v1.43.0/go.mod h1:/QJhyVBUUswCphDVxq+8mld+AvhXZLhe+8WVFxiFff0=
go.opentelemetry.io/proto/otlp v1.10.0 h1:IQRWgT5srOCYfiWnpqUYz9CVmbO8bFmKcwYxpuCSL2g=
go.opentelemetry.io/proto/otlp v1.10.0/go.mod h1:/CV4QoCR/S9yaPj8utp3lvQPoqMtxXdzn7ozvvozVqk=
go.opentelemetry.io/proto/slim/otlp v1.10.0 h1:iR97Vs/ZDR+y9TfuP9b1XBtdPWeC+OMslIBmhcLU7jM=
go.opentelemetry.io/proto/slim/otlp v1.10.0/go.mod h1:lV9250stpjYLPNA5viFabIgP2QlUGRT1GdTgAf8SIUk=
go.opentelemetry.io/proto/slim/otlp/collector/profiles/v1development v0.3.0 h1:RUF5rO0hAlgiJt1fzQVzcVs3vZVNHIcMLgOgG4rWNcQ=
go.opentelemetry.io/proto/slim/otlp/collector/profiles/v1development v0.3.0/go.mod h1:I89cynRj8y+383o7tEQVg2SVA6SRgDVIouWPUVXjx0U=
go.opentelemetry.io/proto/slim/otlp/profiles/v1development v0.3.0 h1:CQvJSldHRUN6Z8jsUeYv8J0lXRvygALXIzsmAeCcZE0=
go.opentelemetry.io/proto/slim/otlp/profiles/v1development v0.3.0/go.mod h1:xSQ+mEfJe/GjK1LXEyVOoSI1N9JV9ZI923X5kup43W4=
go.uber.org/goleak v1.3.0 h1:2K3zAYmnTNqV73imy9J1T3WC+gmCePx2hEGkimedGto=
go.uber.org/goleak v1.3.0/go.mod h1:CoHD4mav9JJNrW/WLlf7HGZPjdw8EucARQHekz1X6bE=
go.uber.org/multierr v1.11.0 h1:blXXJkSxSSfBVBlC76pxqeO+LN3aDfLQo+309xJstO0=
go.uber.org/multierr v1.11.0/go.mod h1:20+QtiLqy0Nd6FdQB9TLXag12DsQkrbs3htMFfDN80Y=
go.uber.org/zap v1.28.0 h1:IZzaP1Fv73/T/pBMLk4VutPl36uNC+OSUh3JLG3FIjo=
go.uber.org/zap v1.28.0/go.mod h1:rDLpOi171uODNm/mxFcuYWxDsqWSAVkFdX4XojSKg/Q=
go.yaml.in/yaml/v2 v2.4.4 h1:tuyd0P+2Ont/d6e2rl3be67goVK4R6deVxCUX5vyPaQ=
go.yaml.in/yaml/v2 v2.4.4/go.mod h1:gMZqIpDtDqOfM0uNfy0SkpRhvUryYH0Z6wdMYcacYXQ=
go.yaml.in/yaml/v3 v3.0.4 h1:tfq32ie2Jv2UxXFdLJdh3jXuOzWiL1fo0bu/FbuKpbc=
go.yaml.in/yaml/v3 v3.0.4/go.mod h1:DhzuOOF2ATzADvBadXxruRBLzYTpT36CKvDb3+aBEFg=
golang.org/x/crypto v0.52.0 h1:RMs7fP2rXdep0CftQlK8Uf+kibLm7qkCcradZWYz988=
golang.org/x/crypto v0.52.0/go.mod h1:1QgfPxDqh0T2M/elOJtp9RvuR95kVjir0e6/BvEmGbc=
golang.org/x/exp v0.0.0-20260312153236-7ab1446f8b90 h1:jiDhWWeC7jfWqR9c/uplMOqJ0sbNlNWv0UkzE0vX1MA=
golang.org/x/exp v0.0.0-20260312153236-7ab1446f8b90/go.mod h1:xE1HEv6b+1SCZ5/uscMRjUBKtIxworgEcEi+/n9NQDQ=
golang.org/x/net v0.55.0 h1:bcvxaJn3e1U6InsFWt1JUq1aSjnRxLzT2rtD2KfkDF8=
golang.org/x/net v0.55.0/go.mod h1:L5U2KuzuOe1lY7Z+aWVIKK6qEeJXnXV9yzGA+WCHJww=
golang.org/x/sys v0.0.0-20190916202348-b4ddaad3f8a3/go.mod h1:h1NjWce9XRLGQEsW7wpKNCjG9DtNlClVuFLEZdDNbEs=
golang.org/x/sys v0.0.0-20201204225414-ed752295db88/go.mod h1:h1NjWce9XRLGQEsW7wpKNCjG9DtNlClVuFLEZdDNbEs=
golang.org/x/sys v0.45.0 h1:dO4czNzziLiiXplLQgBCEpCvXQ3dnkn0SdaZSYdQ+FY=
golang.org/x/sys v0.45.0/go.mod h1:4GL1E5IUh+htKOUEOaiffhrAeqysfVGipDYzABqnCmw=
golang.org/x/text v0.37.0 h1:Cqjiwd9eSg8e0QAkyCaQTNHFIIzWtidPahFWR83rTrc=
golang.org/x/text v0.37.0/go.mod h1:a5sjxXGs9hsn/AJVwuElvCAo9v8QYLzvavO5z2PiM38=
gonum.org/v1/gonum v0.17.0 h1:VbpOemQlsSMrYmn7T2OUvQ4dqxQXU+ouZFQsZOx50z4=
gonum.org/v1/gonum v0.17.0/go.mod h1:El3tOrEuMpv2UdMrbNlKEh9vd86bmQ6vqIcDwxEOc1E=
google.golang.org/genproto/googleapis/api v0.0.0-20260406210006-6f92a3bedf2d h1:/aDRtSZJjyLQzm75d+a1wOJaqyKBMvIAfeQmoa3ORiI=
google.golang.org/genproto/googleapis/api v0.0.0-20260406210006-6f92a3bedf2d/go.mod h1:etfGUgejTiadZAUaEP14NP97xi1RGeawqkjDARA/UOs=
google.golang.org/genproto/googleapis/rpc v0.0.0-20260406210006-6f92a3bedf2d h1:wT2n40TBqFY6wiwazVK9/iTWbsQrgk5ZfCSVFLO9LQA=
google.golang.org/genproto/googleapis/rpc v0.0.0-20260406210006-6f92a3bedf2d/go.mod h1:4Hqkh8ycfw05ld/3BWL7rJOSfebL2Q+DVDeRgYgxUU8=
google.golang.org/grpc v1.81.1 h1:VnnIIZ88UzOOKLukQi+ImGz8O1Wdp8nAGGnvOfEIWQQ=
google.golang.org/grpc v1.81.1/go.mod h1:xGH9GfzOyMTGIOXBJmXt+BX/V0kcdQbdcuwQ/zNw42I=
google.golang.org/protobuf v1.36.11 h1:fV6ZwhNocDyBLK0dj+fg8ektcVegBBuEolpbTQyBNVE=
google.golang.org/protobuf v1.36.11/go.mod h1:HTf+CrKn2C3g5S8VImy6tdcUvCska2kB7j23XfzDpco=
gopkg.in/check.v1 v0.0.0-20161208181325-20d25e280405/go.mod h1:Co6ibVJAznAaIkqp8huTwlJQCZ016jof/cbN4VW5Yz0=
gopkg.in/check.v1 v1.0.0-20201130134442-10cb98267c6c h1:Hei/4ADfdWqJk1ZMxUNpqntNwaWcugrBjAiHlqqRiVk=
gopkg.in/check.v1 v1.0.0-20201130134442-10cb98267c6c/go.mod h1:JHkPIbrfpd72SG/EVd6muEfDQjcINNoR0C8j2r3qZ4Q=
gopkg.in/yaml.v3 v3.0.1 h1:fxVm/GzAzEWqLHuvctI91KS9hhNmmWOoWu0XTYJS7CA=
gopkg.in/yaml.v3 v3.0.1/go.mod h1:K4uyk7z7BCEPqu6E+C64Yfv1cQ7kz7rIZviUmN+EgEM=
